PODS:
  - p2.OAuth2 (4.2.0)
  - SwiftyJSON (4.3.0)

DEPENDENCIES:
  - p2.OAuth2
  - SwiftyJSON

SPEC REPOS:
  https://github.com/cocoapods/specs.git:
    - p2.OAuth2
    - SwiftyJSON

SPEC CHECKSUMS:
  p2.OAuth2: d5ea9b928fc5d10d088d419db6f3380578b6f866
  SwiftyJSON: 6faa0040f8b59dead0ee07436cbf76b73c08fd08

PODFILE CHECKSUM: 026543bfd59015f74726a89c6c7f784f9f96eefd

COCOAPODS: 1.6.1
